
Microsoft Visual Studio Solution File, Format Version 12.00
# Visual Studio 15
VisualStudioVersion = 15.0.27703.2000
MinimumVisualStudioVersion = 10.0.40219.1
Project("{FAE04EC0-301F-11D3-BF4B-00C04F79EFBC}") = "TelegramUI", "TelegramUI\TelegramUI.csproj", "{CDD5C0EF-A124-4DCC-94FF-7E9CD7CF1ABB}"
EndProject
Global
	GlobalSection(SolutionConfigurationPlatforms) = preSolution
		Debug|Any CPU = Debug|Any CPU
		Release|Any CPU = Release|Any CPU
	EndGlobalSection
	GlobalSection(ProjectConfigurationPlatforms) = postSolution
		{CDD5C0EF-A124-4DCC-94FF-7E9CD7CF1ABB}.Debug|Any CPU.ActiveCfg = Debug|Any CPU
		{CDD5C0EF-A124-4DCC-94FF-7E9CD7CF1ABB}.Debug|Any CPU.Build.0 = Debug|Any CPU
		{CDD5C0EF-A124-4DCC-94FF-7E9CD7CF1ABB}.Release|Any CPU.ActiveCfg = Release|Any CPU
		{CDD5C0EF-A124-4DCC-94FF-7E9CD7CF1ABB}.Release|Any CPU.Build.0 = Release|Any CPU
	EndGlobalSection
	GlobalSection(SolutionProperties) = preSolution
		HideSolutionNode = FALSE
	EndGlobalSection
	GlobalSection(ExtensibilityGlobals) = postSolution
		SolutionGuid = {7C958E28-B9F7-47CE-BED7-9882D7AAB435}
	EndGlobalSection
EndGlobal
